
Microsoft Visual Studio Solution File, Format Version 12.00
# Visual Studio 15
VisualStudioVersion = 15.0.28307.572
MinimumVisualStudioVersion = 10.0.40219.1
Project("{FAE04EC0-301F-11D3-BF4B-00C04F79EFBC}") = "ChipGroup-GettingStarted.Android", "ChipGroup-GettingStarted\ChipGroup-GettingStarted.Android\ChipGroup-GettingStarted.Android.csproj", "{0383E950-A386-4BBF-844D-B26D1DE8207C}"
EndProject
Project("{FAE04EC0-301F-11D3-BF4B-00C04F79EFBC}") = "ChipGroup-GettingStarted.iOS", "ChipGroup-GettingStarted\ChipGroup-GettingStarted.iOS\ChipGroup-GettingStarted.iOS.csproj", "{0DC5B169-D683-4A86-B64B-B32E424DF497}"
EndProject
Project("{FAE04EC0-301F-11D3-BF4B-00C04F79EFBC}") = "ChipGroup-GettingStarted.UWP", "ChipGroup-GettingStarted\ChipGroup-GettingStarted.UWP\ChipGroup-GettingStarted.UWP.csproj", "{3AD89217-168E-4D88-BB98-BF0F0FDA73F8}"
EndProject
Project("{FAE04EC0-301F-11D3-BF4B-00C04F79EFBC}") = "ChipGroup-GettingStarted", "ChipGroup-GettingStarted\ChipGroup-GettingStarted\ChipGroup-GettingStarted.csproj", "{5CE1B516-D9CD-4068-A335-9D691DC0B283}"
EndProject
Global
	GlobalSection(SolutionConfigurationPlatforms) = preSolution
		Ad-Hoc|Any CPU = Ad-Hoc|Any CPU
		Ad-Hoc|ARM = Ad-Hoc|ARM
		Ad-Hoc|iPhone = Ad-Hoc|iPhone
		Ad-Hoc|iPhoneSimulator = Ad-Hoc|iPhoneSimulator
		Ad-Hoc|x64 = Ad-Hoc|x64
		Ad-Hoc|x86 = Ad-Hoc|x86
		AppStore|Any CPU = AppStore|Any CPU
		AppStore|ARM = AppStore|ARM
		AppStore|iPhone = AppStore|iPhone
		AppStore|iPhoneSimulator = AppStore|iPhoneSimulator
		AppStore|x64 = AppStore|x64
		AppStore|x86 = AppStore|x86
		Debug|Any CPU = Debug|Any CPU
		Debug|ARM = Debug|ARM
		Debug|iPhone = Debug|iPhone
		Debug|iPhoneSimulator = Debug|iPhoneSimulator
		Debug|x64 = Debug|x64
		Debug|x86 = Debug|x86
		Release|Any CPU = Release|Any CPU
		Release|ARM = Release|ARM
		Release|iPhone = Release|iPhone
		Release|iPhoneSimulator = Release|iPhoneSimulator
		Release|x64 = Release|x64
		Release|x86 = Release|x86
	EndGlobalSection
	GlobalSection(ProjectConfigurationPlatforms) = postSolution
		{0383E950-A386-4BBF-844D-B26D1DE8207C}.Ad-Hoc|Any CPU.ActiveCfg = Release|Any CPU
		{0383E950-A386-4BBF-844D-B26D1DE8207C}.Ad-Hoc|Any CPU.Build.0 = Release|Any CPU
		{0383E950-A386-4BBF-844D-B26D1DE8207C}.Ad-Hoc|Any CPU.Deploy.0 = Release|Any CPU
		{0383E950-A386-4BBF-844D-B26D1DE8207C}.Ad-Hoc|ARM.ActiveCfg = Release|Any CPU
		{0383E950-A386-4BBF-844D-B26D1DE8207C}.Ad-Hoc|ARM.Build.0 = Release|Any CPU
		{0383E950-A386-4BBF-844D-B26D1DE8207C}.Ad-Hoc|ARM.Deploy.0 = Release|Any CPU
		{0383E950-A386-4BBF-844D-B26D1DE8207C}.Ad-Hoc|iPhone.ActiveCfg = Release|Any CPU
		{0383E950-A386-4BBF-844D-B26D1DE8207C}.Ad-Hoc|iPhone.Build.0 = Release|Any CPU
		{0383E950-A386-4BBF-844D-B26D1DE8207C}.Ad-Hoc|iPhone.Deploy.0 = Release|Any CPU
		{0383E950-A386-4BBF-844D-B26D1DE8207C}.Ad-Hoc|iPhoneSimulator.ActiveCfg = Release|Any CPU
		{0383E950-A386-4BBF-844D-B26D1DE8207C}.Ad-Hoc|iPhoneSimulator.Build.0 = Release|Any CPU
		{0383E950-A386-4BBF-844D-B26D1DE8207C}.Ad-Hoc|iPhoneSimulator.Deploy.0 = Release|Any CPU
		{0383E950-A386-4BBF-844D-B26D1DE8207C}.Ad-Hoc|x64.ActiveCfg = Release|Any CPU
		{0383E950-A386-4BBF-844D-B26D1DE8207C}.Ad-Hoc|x64.Build.0 = Release|Any CPU
		{0383E950-A386-4BBF-844D-B26D1DE8207C}.Ad-Hoc|x64.Deploy.0 = Release|Any CPU
		{0383E950-A386-4BBF-844D-B26D1DE8207C}.Ad-Hoc|x86.ActiveCfg = Release|Any CPU
		{0383E950-A386-4BBF-844D-B26D1DE8207C}.Ad-Hoc|x86.Build.0 = Release|Any CPU
		{0383E950-A386-4BBF-844D-B26D1DE8207C}.Ad-Hoc|x86.Deploy.0 = Release|Any CPU
		{0383E950-A386-4BBF-844D-B26D1DE8207C}.AppStore|Any CPU.ActiveCfg = Release|Any CPU
		{0383E950-A386-4BBF-844D-B26D1DE8207C}.AppStore|Any CPU.Build.0 = Release|Any CPU
		{0383E950-A386-4BBF-844D-B26D1DE8207C}.AppStore|Any CPU.Deploy.0 = Release|Any CPU
		{0383E950-A386-4BBF-844D-B26D1DE8207C}.AppStore|ARM.ActiveCfg = Release|Any CPU
		{0383E950-A386-4BBF-844D-B26D1DE8207C}.AppStore|ARM.Build.0 = Release|Any CPU
		{0383E950-A386-4BBF-844D-B26D1DE8207C}.AppStore|ARM.Deploy.0 = Release|Any CPU
		{0383E950-A386-4BBF-844D-B26D1DE8207C}.AppStore|iPhone.ActiveCfg = Release|Any CPU
		{0383E950-A386-4BBF-844D-B26D1DE8207C}.AppStore|iPhone.Build.0 = Release|Any CPU
		{0383E950-A386-4BBF-844D-B26D1DE8207C}.AppStore|iPhone.Deploy.0 = Release|Any CPU
		{0383E950-A386-4BBF-844D-B26D1DE8207C}.AppStore|iPhoneSimulator.ActiveCfg = Release|Any CPU
		{0383E950-A386-4BBF-844D-B26D1DE8207C}.AppStore|iPhoneSimulator.Build.0 = Release|Any CPU
		{0383E950-A386-4BBF-844D-B26D1DE8207C}.AppStore|iPhoneSimulator.Deploy.0 = Release|Any CPU
		{0383E950-A386-4BBF-844D-B26D1DE8207C}.AppStore|x64.ActiveCfg = Release|Any CPU
		{0383E950-A386-4BBF-844D-B26D1DE8207C}.AppStore|x64.Build.0 = Release|Any CPU
		{0383E950-A386-4BBF-844D-B26D1DE8207C}.AppStore|x64.Deploy.0 = Release|Any CPU
		{0383E950-A386-4BBF-844D-B26D1DE8207C}.AppStore|x86.ActiveCfg = Release|Any CPU
		{0383E950-A386-4BBF-844D-B26D1DE8207C}.AppStore|x86.Build.0 = Release|Any CPU
		{0383E950-A386-4BBF-844D-B26D1DE8207C}.AppStore|x86.Deploy.0 = Release|Any CPU
		{0383E950-A386-4BBF-844D-B26D1DE8207C}.Debug|Any CPU.ActiveCfg = Debug|Any CPU
		{0383E950-A386-4BBF-844D-B26D1DE8207C}.Debug|Any CPU.Build.0 = Debug|Any CPU
		{0383E950-A386-4BBF-844D-B26D1DE8207C}.Debug|Any CPU.Deploy.0 = Debug|Any CPU
		{0383E950-A386-4BBF-844D-B26D1DE8207C}.Debug|ARM.ActiveCfg = Debug|Any CPU
		{0383E950-A386-4BBF-844D-B26D1DE8207C}.Debug|ARM.Build.0 = Debug|Any CPU
		{0383E950-A386-4BBF-844D-B26D1DE8207C}.Debug|ARM.Deploy.0 = Debug|Any CPU
		{0383E950-A386-4BBF-844D-B26D1DE8207C}.Debug|iPhone.ActiveCfg = Debug|Any CPU
		{0383E950-A386-4BBF-844D-B26D1DE8207C}.Debug|iPhone.Build.0 = Debug|Any CPU
		{0383E950-A386-4BBF-844D-B26D1DE8207C}.Debug|iPhone.Deploy.0 = Debug|Any CPU
		{0383E950-A386-4BBF-844D-B26D1DE8207C}.Debug|iPhoneSimulator.ActiveCfg = Debug|Any CPU
		{0383E950-A386-4BBF-844D-B26D1DE8207C}.Debug|iPhoneSimulator.Build.0 = Debug|Any CPU
		{0383E950-A386-4BBF-844D-B26D1DE8207C}.Debug|iPhoneSimulator.Deploy.0 = Debug|Any CPU
		{0383E950-A386-4BBF-844D-B26D1DE8207C}.Debug|x64.ActiveCfg = Debug|Any CPU
		{0383E950-A386-4BBF-844D-B26D1DE8207C}.Debug|x64.Build.0 = Debug|Any CPU
		{0383E950-A386-4BBF-844D-B26D1DE8207C}.Debug|x64.Deploy.0 = Debug|Any CPU
		{0383E950-A386-4BBF-844D-B26D1DE8207C}.Debug|x86.ActiveCfg = Debug|Any CPU
		{0383E950-A386-4BBF-844D-B26D1DE8207C}.Debug|x86.Build.0 = Debug|Any CPU
		{0383E950-A386-4BBF-844D-B26D1DE8207C}.Debug|x86.Deploy.0 = Debug|Any CPU
		{0383E950-A386-4BBF-844D-B26D1DE8207C}.Release|Any CPU.ActiveCfg = Release|Any CPU
		{0383E950-A386-4BBF-844D-B26D1DE8207C}.Release|Any CPU.Build.0 = Release|Any CPU
		{0383E950-A386-4BBF-844D-B26D1DE8207C}.Release|Any CPU.Deploy.0 = Release|Any CPU
		{0383E950-A386-4BBF-844D-B26D1DE8207C}.Release|ARM.ActiveCfg = Release|Any CPU
		{0383E950-A386-4BBF-844D-B26D1DE8207C}.Release|ARM.Build.0 = Release|Any CPU
		{0383E950-A386-4BBF-844D-B26D1DE8207C}.Release|ARM.Deploy.0 = Release|Any CPU
		{0383E950-A386-4BBF-844D-B26D1DE8207C}.Release|iPhone.ActiveCfg = Release|Any CPU
		{0383E950-A386-4BBF-844D-B26D1DE8207C}.Release|iPhone.Build.0 = Release|Any CPU
		{0383E950-A386-4BBF-844D-B26D1DE8207C}.Release|iPhone.Deploy.0 = Release|Any CPU
		{0383E950-A386-4BBF-844D-B26D1DE8207C}.Release|iPhoneSimulator.ActiveCfg = Release|Any CPU
		{0383E950-A386-4BBF-844D-B26D1DE8207C}.Release|iPhoneSimulator.Build.0 = Release|Any CPU
		{0383E950-A386-4BBF-844D-B26D1DE8207C}.Release|iPhoneSimulator.Deploy.0 = Release|Any CPU
		{0383E950-A386-4BBF-844D-B26D1DE8207C}.Release|x64.ActiveCfg = Release|Any CPU
		{0383E950-A386-4BBF-844D-B26D1DE8207C}.Release|x64.Build.0 = Release|Any CPU
		{0383E950-A386-4BBF-844D-B26D1DE8207C}.Release|x64.Deploy.0 = Release|Any CPU
		{0383E950-A386-4BBF-844D-B26D1DE8207C}.Release|x86.ActiveCfg = Release|Any CPU
		{0383E950-A386-4BBF-844D-B26D1DE8207C}.Release|x86.Build.0 = Release|Any CPU
		{0383E950-A386-4BBF-844D-B26D1DE8207C}.Release|x86.Deploy.0 = Release|Any CPU
		{0DC5B169-D683-4A86-B64B-B32E424DF497}.Ad-Hoc|Any CPU.ActiveCfg = Ad-Hoc|iPhone
		{0DC5B169-D683-4A86-B64B-B32E424DF497}.Ad-Hoc|Any CPU.Build.0 = Ad-Hoc|iPhone
		{0DC5B169-D683-4A86-B64B-B32E424DF497}.Ad-Hoc|Any CPU.Deploy.0 = Ad-Hoc|iPhone
		{0DC5B169-D683-4A86-B64B-B32E424DF497}.Ad-Hoc|ARM.ActiveCfg = Ad-Hoc|iPhone
		{0DC5B169-D683-4A86-B64B-B32E424DF497}.Ad-Hoc|ARM.Build.0 = Ad-Hoc|iPhone
		{0DC5B169-D683-4A86-B64B-B32E424DF497}.Ad-Hoc|ARM.Deploy.0 = Ad-Hoc|iPhone
		{0DC5B169-D683-4A86-B64B-B32E424DF497}.Ad-Hoc|iPhone.ActiveCfg = Ad-Hoc|iPhone
		{0DC5B169-D683-4A86-B64B-B32E424DF497}.Ad-Hoc|iPhone.Build.0 = Ad-Hoc|iPhone
		{0DC5B169-D683-4A86-B64B-B32E424DF497}.Ad-Hoc|iPhone.Deploy.0 = Ad-Hoc|iPhone
		{0DC5B169-D683-4A86-B64B-B32E424DF497}.Ad-Hoc|iPhoneSimulator.ActiveCfg = Ad-Hoc|iPhoneSimulator
		{0DC5B169-D683-4A86-B64B-B32E424DF497}.Ad-Hoc|iPhoneSimulator.Build.0 = Ad-Hoc|iPhoneSimulator
		{0DC5B169-D683-4A86-B64B-B32E424DF497}.Ad-Hoc|iPhoneSimulator.Deploy.0 = Ad-Hoc|iPhoneSimulator
		{0DC5B169-D683-4A86-B64B-B32E424DF497}.Ad-Hoc|x64.ActiveCfg = Ad-Hoc|iPhone
		{0DC5B169-D683-4A86-B64B-B32E424DF497}.Ad-Hoc|x64.Build.0 = Ad-Hoc|iPhone
		{0DC5B169-D683-4A86-B64B-B32E424DF497}.Ad-Hoc|x64.Deploy.0 = Ad-Hoc|iPhone
		{0DC5B169-D683-4A86-B64B-B32E424DF497}.Ad-Hoc|x86.ActiveCfg = Ad-Hoc|iPhone
		{0DC5B169-D683-4A86-B64B-B32E424DF497}.Ad-Hoc|x86.Build.0 = Ad-Hoc|iPhone
		{0DC5B169-D683-4A86-B64B-B32E424DF497}.Ad-Hoc|x86.Deploy.0 = Ad-Hoc|iPhone
		{0DC5B169-D683-4A86-B64B-B32E424DF497}.AppStore|Any CPU.ActiveCfg = AppStore|iPhone
		{0DC5B169-D683-4A86-B64B-B32E424DF497}.AppStore|Any CPU.Build.0 = AppStore|iPhone
		{0DC5B169-D683-4A86-B64B-B32E424DF497}.AppStore|Any CPU.Deploy.0 = AppStore|iPhone
		{0DC5B169-D683-4A86-B64B-B32E424DF497}.AppStore|ARM.ActiveCfg = AppStore|iPhone
		{0DC5B169-D683-4A86-B64B-B32E424DF497}.AppStore|ARM.Build.0 = AppStore|iPhone
		{0DC5B169-D683-4A86-B64B-B32E424DF497}.AppStore|ARM.Deploy.0 = AppStore|iPhone
		{0DC5B169-D683-4A86-B64B-B32E424DF497}.AppStore|iPhone.ActiveCfg = AppStore|iPhone
		{0DC5B169-D683-4A86-B64B-B32E424DF497}.AppStore|iPhone.Build.0 = AppStore|iPhone
		{0DC5B169-D683-4A86-B64B-B32E424DF497}.AppStore|iPhone.Deploy.0 = AppStore|iPhone
		{0DC5B169-D683-4A86-B64B-B32E424DF497}.AppStore|iPhoneSimulator.ActiveCfg = AppStore|iPhoneSimulator
		{0DC5B169-D683-4A86-B64B-B32E424DF497}.AppStore|iPhoneSimulator.Build.0 = AppStore|iPhoneSimulator
		{0DC5B169-D683-4A86-B64B-B32E424DF497}.AppStore|iPhoneSimulator.Deploy.0 = AppStore|iPhoneSimulator
		{0DC5B169-D683-4A86-B64B-B32E424DF497}.AppStore|x64.ActiveCfg = AppStore|iPhone
		{0DC5B169-D683-4A86-B64B-B32E424DF497}.AppStore|x64.Build.0 = AppStore|iPhone
		{0DC5B169-D683-4A86-B64B-B32E424DF497}.AppStore|x64.Deploy.0 = AppStore|iPhone
		{0DC5B169-D683-4A86-B64B-B32E424DF497}.AppStore|x86.ActiveCfg = AppStore|iPhone
		{0DC5B169-D683-4A86-B64B-B32E424DF497}.AppStore|x86.Build.0 = AppStore|iPhone
		{0DC5B169-D683-4A86-B64B-B32E424DF497}.AppStore|x86.Deploy.0 = AppStore|iPhone
		{0DC5B169-D683-4A86-B64B-B32E424DF497}.Debug|Any CPU.ActiveCfg = Debug|iPhoneSimulator
		{0DC5B169-D683-4A86-B64B-B32E424DF497}.Debug|Any CPU.Build.0 = Debug|iPhoneSimulator
		{0DC5B169-D683-4A86-B64B-B32E424DF497}.Debug|Any CPU.Deploy.0 = Debug|iPhoneSimulator
		{0DC5B169-D683-4A86-B64B-B32E424DF497}.Debug|ARM.ActiveCfg = Debug|iPhone
		{0DC5B169-D683-4A86-B64B-B32E424DF497}.Debug|ARM.Build.0 = Debug|iPhone
		{0DC5B169-D683-4A86-B64B-B32E424DF497}.Debug|ARM.Deploy.0 = Debug|iPhone
		{0DC5B169-D683-4A86-B64B-B32E424DF497}.Debug|iPhone.ActiveCfg = Debug|iPhone
		{0DC5B169-D683-4A86-B64B-B32E424DF497}.Debug|iPhone.Build.0 = Debug|iPhone
		{0DC5B169-D683-4A86-B64B-B32E424DF497}.Debug|iPhone.Deploy.0 = Debug|iPhone
		{0DC5B169-D683-4A86-B64B-B32E424DF497}.Debug|iPhoneSimulator.ActiveCfg = Debug|iPhoneSimulator
		{0DC5B169-D683-4A86-B64B-B32E424DF497}.Debug|iPhoneSimulator.Build.0 = Debug|iPhoneSimulator
		{0DC5B169-D683-4A86-B64B-B32E424DF497}.Debug|iPhoneSimulator.Deploy.0 = Debug|iPhoneSimulator
		{0DC5B169-D683-4A86-B64B-B32E424DF497}.Debug|x64.ActiveCfg = Debug|iPhone
		{0DC5B169-D683-4A86-B64B-B32E424DF497}.Debug|x64.Build.0 = Debug|iPhone
		{0DC5B169-D683-4A86-B64B-B32E424DF497}.Debug|x64.Deploy.0 = Debug|iPhone
		{0DC5B169-D683-4A86-B64B-B32E424DF497}.Debug|x86.ActiveCfg = Debug|iPhone
		{0DC5B169-D683-4A86-B64B-B32E424DF497}.Debug|x86.Build.0 = Debug|iPhone
		{0DC5B169-D683-4A86-B64B-B32E424DF497}.Debug|x86.Deploy.0 = Debug|iPhone
		{0DC5B169-D683-4A86-B64B-B32E424DF497}.Release|Any CPU.ActiveCfg = Release|iPhone
		{0DC5B169-D683-4A86-B64B-B32E424DF497}.Release|Any CPU.Build.0 = Release|iPhone
		{0DC5B169-D683-4A86-B64B-B32E424DF497}.Release|Any CPU.Deploy.0 = Release|iPhone
		{0DC5B169-D683-4A86-B64B-B32E424DF497}.Release|ARM.ActiveCfg = Release|iPhone
		{0DC5B169-D683-4A86-B64B-B32E424DF497}.Release|ARM.Build.0 = Release|iPhone
		{0DC5B169-D683-4A86-B64B-B32E424DF497}.Release|ARM.Deploy.0 = Release|iPhone
		{0DC5B169-D683-4A86-B64B-B32E424DF497}.Release|iPhone.ActiveCfg = Release|iPhone
		{0DC5B169-D683-4A86-B64B-B32E424DF497}.Release|iPhone.Build.0 = Release|iPhone
		{0DC5B169-D683-4A86-B64B-B32E424DF497}.Release|iPhone.Deploy.0 = Release|iPhone
		{0DC5B169-D683-4A86-B64B-B32E424DF497}.Release|iPhoneSimulator.ActiveCfg = Release|iPhoneSimulator
		{0DC5B169-D683-4A86-B64B-B32E424DF497}.Release|iPhoneSimulator.Build.0 = Release|iPhoneSimulator
		{0DC5B169-D683-4A86-B64B-B32E424DF497}.Release|iPhoneSimulator.Deploy.0 = Release|iPhoneSimulator
		{0DC5B169-D683-4A86-B64B-B32E424DF497}.Release|x64.ActiveCfg = Release|iPhone
		{0DC5B169-D683-4A86-B64B-B32E424DF497}.Release|x64.Build.0 = Release|iPhone
		{0DC5B169-D683-4A86-B64B-B32E424DF497}.Release|x64.Deploy.0 = Release|iPhone
		{0DC5B169-D683-4A86-B64B-B32E424DF497}.Release|x86.ActiveCfg = Release|iPhone
		{0DC5B169-D683-4A86-B64B-B32E424DF497}.Release|x86.Build.0 = Release|iPhone
		{0DC5B169-D683-4A86-B64B-B32E424DF497}.Release|x86.Deploy.0 = Release|iPhone
		{3AD89217-168E-4D88-BB98-BF0F0FDA73F8}.Ad-Hoc|Any CPU.ActiveCfg = Release|x86
		{3AD89217-168E-4D88-BB98-BF0F0FDA73F8}.Ad-Hoc|Any CPU.Build.0 = Release|x86
		{3AD89217-168E-4D88-BB98-BF0F0FDA73F8}.Ad-Hoc|Any CPU.Deploy.0 = Release|x86
		{3AD89217-168E-4D88-BB98-BF0F0FDA73F8}.Ad-Hoc|ARM.ActiveCfg = Release|ARM
		{3AD89217-168E-4D88-BB98-BF0F0FDA73F8}.Ad-Hoc|ARM.Build.0 = Release|ARM
		{3AD89217-168E-4D88-BB98-BF0F0FDA73F8}.Ad-Hoc|ARM.Deploy.0 = Release|ARM
		{3AD89217-168E-4D88-BB98-BF0F0FDA73F8}.Ad-Hoc|iPhone.ActiveCfg = Release|x86
		{3AD89217-168E-4D88-BB98-BF0F0FDA73F8}.Ad-Hoc|iPhone.Build.0 = Release|x86
		{3AD89217-168E-4D88-BB98-BF0F0FDA73F8}.Ad-Hoc|iPhone.Deploy.0 = Release|x86
		{3AD89217-168E-4D88-BB98-BF0F0FDA73F8}.Ad-Hoc|iPhoneSimulator.ActiveCfg = Release|x86
		{3AD89217-168E-4D88-BB98-BF0F0FDA73F8}.Ad-Hoc|iPhoneSimulator.Build.0 = Release|x86
		{3AD89217-168E-4D88-BB98-BF0F0FDA73F8}.Ad-Hoc|iPhoneSimulator.Deploy.0 = Release|x86
		{3AD89217-168E-4D88-BB98-BF0F0FDA73F8}.Ad-Hoc|x64.ActiveCfg = Release|x64
		{3AD89217-168E-4D88-BB98-BF0F0FDA73F8}.Ad-Hoc|x64.Build.0 = Release|x64
		{3AD89217-168E-4D88-BB98-BF0F0FDA73F8}.Ad-Hoc|x64.Deploy.0 = Release|x64
		{3AD89217-168E-4D88-BB98-BF0F0FDA73F8}.Ad-Hoc|x86.ActiveCfg = Release|x86
		{3AD89217-168E-4D88-BB98-BF0F0FDA73F8}.Ad-Hoc|x86.Build.0 = Release|x86
		{3AD89217-168E-4D88-BB98-BF0F0FDA73F8}.Ad-Hoc|x86.Deploy.0 = Release|x86
		{3AD89217-168E-4D88-BB98-BF0F0FDA73F8}.AppStore|Any CPU.ActiveCfg = Release|x86
		{3AD89217-168E-4D88-BB98-BF0F0FDA73F8}.AppStore|Any CPU.Build.0 = Release|x86
		{3AD89217-168E-4D88-BB98-BF0F0FDA73F8}.AppStore|Any CPU.Deploy.0 = Release|x86
		{3AD89217-168E-4D88-BB98-BF0F0FDA73F8}.AppStore|ARM.ActiveCfg = Release|ARM
		{3AD89217-168E-4D88-BB98-BF0F0FDA73F8}.AppStore|ARM.Build.0 = Release|ARM
		{3AD89217-168E-4D88-BB98-BF0F0FDA73F8}.AppStore|ARM.Deploy.0 = Release|ARM
		{3AD89217-168E-4D88-BB98-BF0F0FDA73F8}.AppStore|iPhone.ActiveCfg = Release|x86
		{3AD89217-168E-4D88-BB98-BF0F0FDA73F8}.AppStore|iPhone.Build.0 = Release|x86
		{3AD89217-168E-4D88-BB98-BF0F0FDA73F8}.AppStore|iPhone.Deploy.0 = Release|x86
		{3AD89217-168E-4D88-BB98-BF0F0FDA73F8}.AppStore|iPhoneSimulator.ActiveCfg = Release|x86
		{3AD89217-168E-4D88-BB98-BF0F0FDA73F8}.AppStore|iPhoneSimulator.Build.0 = Release|x86
		{3AD89217-168E-4D88-BB98-BF0F0FDA73F8}.AppStore|iPhoneSimulator.Deploy.0 = Release|x86
		{3AD89217-168E-4D88-BB98-BF0F0FDA73F8}.AppStore|x64.ActiveCfg = Release|x64
		{3AD89217-168E-4D88-BB98-BF0F0FDA73F8}.AppStore|x64.Build.0 = Release|x64
		{3AD89217-168E-4D88-BB98-BF0F0FDA73F8}.AppStore|x64.Deploy.0 = Release|x64
		{3AD89217-168E-4D88-BB98-BF0F0FDA73F8}.AppStore|x86.ActiveCfg = Release|x86
		{3AD89217-168E-4D88-BB98-BF0F0FDA73F8}.AppStore|x86.Build.0 = Release|x86
		{3AD89217-168E-4D88-BB98-BF0F0FDA73F8}.AppStore|x86.Deploy.0 = Release|x86
		{3AD89217-168E-4D88-BB98-BF0F0FDA73F8}.Debug|Any CPU.ActiveCfg = Debug|x86
		{3AD89217-168E-4D88-BB98-BF0F0FDA73F8}.Debug|Any CPU.Build.0 = Debug|x86
		{3AD89217-168E-4D88-BB98-BF0F0FDA73F8}.Debug|Any CPU.Deploy.0 = Debug|x86
		{3AD89217-168E-4D88-BB98-BF0F0FDA73F8}.Debug|ARM.ActiveCfg = Debug|ARM
		{3AD89217-168E-4D88-BB98-BF0F0FDA73F8}.Debug|ARM.Build.0 = Debug|ARM
		{3AD89217-168E-4D88-BB98-BF0F0FDA73F8}.Debug|ARM.Deploy.0 = Debug|ARM
		{3AD89217-168E-4D88-BB98-BF0F0FDA73F8}.Debug|iPhone.ActiveCfg = Debug|x86
		{3AD89217-168E-4D88-BB98-BF0F0FDA73F8}.Debug|iPhone.Build.0 = Debug|x86
		{3AD89217-168E-4D88-BB98-BF0F0FDA73F8}.Debug|iPhone.Deploy.0 = Debug|x86
		{3AD89217-168E-4D88-BB98-BF0F0FDA73F8}.Debug|iPhoneSimulator.ActiveCfg = Debug|x86
		{3AD89217-168E-4D88-BB98-BF0F0FDA73F8}.Debug|iPhoneSimulator.Build.0 = Debug|x86
		{3AD89217-168E-4D88-BB98-BF0F0FDA73F8}.Debug|iPhoneSimulator.Deploy.0 = Debug|x86
		{3AD89217-168E-4D88-BB98-BF0F0FDA73F8}.Debug|x64.ActiveCfg = Debug|x64
		{3AD89217-168E-4D88-BB98-BF0F0FDA73F8}.Debug|x64.Build.0 = Debug|x64
		{3AD89217-168E-4D88-BB98-BF0F0FDA73F8}.Debug|x64.Deploy.0 = Debug|x64
		{3AD89217-168E-4D88-BB98-BF0F0FDA73F8}.Debug|x86.ActiveCfg = Debug|x86
		{3AD89217-168E-4D88-BB98-BF0F0FDA73F8}.Debug|x86.Build.0 = Debug|x86
		{3AD89217-168E-4D88-BB98-BF0F0FDA73F8}.Debug|x86.Deploy.0 = Debug|x86
		{3AD89217-168E-4D88-BB98-BF0F0FDA73F8}.Release|Any CPU.ActiveCfg = Release|x86
		{3AD89217-168E-4D88-BB98-BF0F0FDA73F8}.Release|Any CPU.Build.0 = Release|x86
		{3AD89217-168E-4D88-BB98-BF0F0FDA73F8}.Release|Any CPU.Deploy.0 = Release|x86
		{3AD89217-168E-4D88-BB98-BF0F0FDA73F8}.Release|ARM.ActiveCfg = Release|ARM
		{3AD89217-168E-4D88-BB98-BF0F0FDA73F8}.Release|ARM.Build.0 = Release|ARM
		{3AD89217-168E-4D88-BB98-BF0F0FDA73F8}.Release|ARM.Deploy.0 = Release|ARM
		{3AD89217-168E-4D88-BB98-BF0F0FDA73F8}.Release|iPhone.ActiveCfg = Release|x86
		{3AD89217-168E-4D88-BB98-BF0F0FDA73F8}.Release|iPhone.Build.0 = Release|x86
		{3AD89217-168E-4D88-BB98-BF0F0FDA73F8}.Release|iPhone.Deploy.0 = Release|x86
		{3AD89217-168E-4D88-BB98-BF0F0FDA73F8}.Release|iPhoneSimulator.ActiveCfg = Release|x86
		{3AD89217-168E-4D88-BB98-BF0F0FDA73F8}.Release|iPhoneSimulator.Build.0 = Release|x86
		{3AD89217-168E-4D88-BB98-BF0F0FDA73F8}.Release|iPhoneSimulator.Deploy.0 = Release|x86
		{3AD89217-168E-4D88-BB98-BF0F0FDA73F8}.Release|x64.ActiveCfg = Release|x64
		{3AD89217-168E-4D88-BB98-BF0F0FDA73F8}.Release|x64.Build.0 = Release|x64
		{3AD89217-168E-4D88-BB98-BF0F0FDA73F8}.Release|x64.Deploy.0 = Release|x64
		{3AD89217-168E-4D88-BB98-BF0F0FDA73F8}.Release|x86.ActiveCfg = Release|x86
		{3AD89217-168E-4D88-BB98-BF0F0FDA73F8}.Release|x86.Build.0 = Release|x86
		{3AD89217-168E-4D88-BB98-BF0F0FDA73F8}.Release|x86.Deploy.0 = Release|x86
		{5CE1B516-D9CD-4068-A335-9D691DC0B283}.Ad-Hoc|Any CPU.ActiveCfg = Debug|Any CPU
		{5CE1B516-D9CD-4068-A335-9D691DC0B283}.Ad-Hoc|Any CPU.Build.0 = Debug|Any CPU
		{5CE1B516-D9CD-4068-A335-9D691DC0B283}.Ad-Hoc|Any CPU.Deploy.0 = Debug|Any CPU
		{5CE1B516-D9CD-4068-A335-9D691DC0B283}.Ad-Hoc|ARM.ActiveCfg = Debug|Any CPU
		{5CE1B516-D9CD-4068-A335-9D691DC0B283}.Ad-Hoc|ARM.Build.0 = Debug|Any CPU
		{5CE1B516-D9CD-4068-A335-9D691DC0B283}.Ad-Hoc|ARM.Deploy.0 = Debug|Any CPU
		{5CE1B516-D9CD-4068-A335-9D691DC0B283}.Ad-Hoc|iPhone.ActiveCfg = Debug|Any CPU
		{5CE1B516-D9CD-4068-A335-9D691DC0B283}.Ad-Hoc|iPhone.Build.0 = Debug|Any CPU
		{5CE1B516-D9CD-4068-A335-9D691DC0B283}.Ad-Hoc|iPhone.Deploy.0 = Debug|Any CPU
		{5CE1B516-D9CD-4068-A335-9D691DC0B283}.Ad-Hoc|iPhoneSimulator.ActiveCfg = Debug|Any CPU
		{5CE1B516-D9CD-4068-A335-9D691DC0B283}.Ad-Hoc|iPhoneSimulator.Build.0 = Debug|Any CPU
		{5CE1B516-D9CD-4068-A335-9D691DC0B283}.Ad-Hoc|iPhoneSimulator.Deploy.0 = Debug|Any CPU
		{5CE1B516-D9CD-4068-A335-9D691DC0B283}.Ad-Hoc|x64.ActiveCfg = Debug|Any CPU
		{5CE1B516-D9CD-4068-A335-9D691DC0B283}.Ad-Hoc|x64.Build.0 = Debug|Any CPU
		{5CE1B516-D9CD-4068-A335-9D691DC0B283}.Ad-Hoc|x64.Deploy.0 = Debug|Any CPU
		{5CE1B516-D9CD-4068-A335-9D691DC0B283}.Ad-Hoc|x86.ActiveCfg = Debug|Any CPU
		{5CE1B516-D9CD-4068-A335-9D691DC0B283}.Ad-Hoc|x86.Build.0 = Debug|Any CPU
		{5CE1B516-D9CD-4068-A335-9D691DC0B283}.Ad-Hoc|x86.Deploy.0 = Debug|Any CPU
		{5CE1B516-D9CD-4068-A335-9D691DC0B283}.AppStore|Any CPU.ActiveCfg = Debug|Any CPU
		{5CE1B516-D9CD-4068-A335-9D691DC0B283}.AppStore|Any CPU.Build.0 = Debug|Any CPU
		{5CE1B516-D9CD-4068-A335-9D691DC0B283}.AppStore|Any CPU.Deploy.0 = Debug|Any CPU
		{5CE1B516-D9CD-4068-A335-9D691DC0B283}.AppStore|ARM.ActiveCfg = Debug|Any CPU
		{5CE1B516-D9CD-4068-A335-9D691DC0B283}.AppStore|ARM.Build.0 = Debug|Any CPU
		{5CE1B516-D9CD-4068-A335-9D691DC0B283}.AppStore|ARM.Deploy.0 = Debug|Any CPU
		{5CE1B516-D9CD-4068-A335-9D691DC0B283}.AppStore|iPhone.ActiveCfg = Debug|Any CPU
		{5CE1B516-D9CD-4068-A335-9D691DC0B283}.AppStore|iPhone.Build.0 = Debug|Any CPU
		{5CE1B516-D9CD-4068-A335-9D691DC0B283}.AppStore|iPhone.Deploy.0 = Debug|Any CPU
		{5CE1B516-D9CD-4068-A335-9D691DC0B283}.AppStore|iPhoneSimulator.ActiveCfg = Debug|Any CPU
		{5CE1B516-D9CD-4068-A335-9D691DC0B283}.AppStore|iPhoneSimulator.Build.0 = Debug|Any CPU
		{5CE1B516-D9CD-4068-A335-9D691DC0B283}.AppStore|iPhoneSimulator.Deploy.0 = Debug|Any CPU
		{5CE1B516-D9CD-4068-A335-9D691DC0B283}.AppStore|x64.ActiveCfg = Debug|Any CPU
		{5CE1B516-D9CD-4068-A335-9D691DC0B283}.AppStore|x64.Build.0 = Debug|Any CPU
		{5CE1B516-D9CD-4068-A335-9D691DC0B283}.AppStore|x64.Deploy.0 = Debug|Any CPU
		{5CE1B516-D9CD-4068-A335-9D691DC0B283}.AppStore|x86.ActiveCfg = Debug|Any CPU
		{5CE1B516-D9CD-4068-A335-9D691DC0B283}.AppStore|x86.Build.0 = Debug|Any CPU
		{5CE1B516-D9CD-4068-A335-9D691DC0B283}.AppStore|x86.Deploy.0 = Debug|Any CPU
		{5CE1B516-D9CD-4068-A335-9D691DC0B283}.Debug|Any CPU.ActiveCfg = Debug|Any CPU
		{5CE1B516-D9CD-4068-A335-9D691DC0B283}.Debug|Any CPU.Build.0 = Debug|Any CPU
		{5CE1B516-D9CD-4068-A335-9D691DC0B283}.Debug|Any CPU.Deploy.0 = Debug|Any CPU
		{5CE1B516-D9CD-4068-A335-9D691DC0B283}.Debug|ARM.ActiveCfg = Debug|Any CPU
		{5CE1B516-D9CD-4068-A335-9D691DC0B283}.Debug|ARM.Build.0 = Debug|Any CPU
		{5CE1B516-D9CD-4068-A335-9D691DC0B283}.Debug|ARM.Deploy.0 = Debug|Any CPU
		{5CE1B516-D9CD-4068-A335-9D691DC0B283}.Debug|iPhone.ActiveCfg = Debug|Any CPU
		{5CE1B516-D9CD-4068-A335-9D691DC0B283}.Debug|iPhone.Build.0 = Debug|Any CPU
		{5CE1B516-D9CD-4068-A335-9D691DC0B283}.Debug|iPhone.Deploy.0 = Debug|Any CPU
		{5CE1B516-D9CD-4068-A335-9D691DC0B283}.Debug|iPhoneSimulator.ActiveCfg = Debug|Any CPU
		{5CE1B516-D9CD-4068-A335-9D691DC0B283}.Debug|iPhoneSimulator.Build.0 = Debug|Any CPU
		{5CE1B516-D9CD-4068-A335-9D691DC0B283}.Debug|iPhoneSimulator.Deploy.0 = Debug|Any CPU
		{5CE1B516-D9CD-4068-A335-9D691DC0B283}.Debug|x64.ActiveCfg = Debug|Any CPU
		{5CE1B516-D9CD-4068-A335-9D691DC0B283}.Debug|x64.Build.0 = Debug|Any CPU
		{5CE1B516-D9CD-4068-A335-9D691DC0B283}.Debug|x64.Deploy.0 = Debug|Any CPU
		{5CE1B516-D9CD-4068-A335-9D691DC0B283}.Debug|x86.ActiveCfg = Debug|Any CPU
		{5CE1B516-D9CD-4068-A335-9D691DC0B283}.Debug|x86.Build.0 = Debug|Any CPU
		{5CE1B516-D9CD-4068-A335-9D691DC0B283}.Debug|x86.Deploy.0 = Debug|Any CPU
		{5CE1B516-D9CD-4068-A335-9D691DC0B283}.Release|Any CPU.ActiveCfg = Release|Any CPU
		{5CE1B516-D9CD-4068-A335-9D691DC0B283}.Release|Any CPU.Build.0 = Release|Any CPU
		{5CE1B516-D9CD-4068-A335-9D691DC0B283}.Release|Any CPU.Deploy.0 = Release|Any CPU
		{5CE1B516-D9CD-4068-A335-9D691DC0B283}.Release|ARM.ActiveCfg = Release|Any CPU
		{5CE1B516-D9CD-4068-A335-9D691DC0B283}.Release|ARM.Build.0 = Release|Any CPU
		{5CE1B516-D9CD-4068-A335-9D691DC0B283}.Release|ARM.Deploy.0 = Release|Any CPU
		{5CE1B516-D9CD-4068-A335-9D691DC0B283}.Release|iPhone.ActiveCfg = Release|Any CPU
		{5CE1B516-D9CD-4068-A335-9D691DC0B283}.Release|iPhone.Build.0 = Release|Any CPU
		{5CE1B516-D9CD-4068-A335-9D691DC0B283}.Release|iPhone.Deploy.0 = Release|Any CPU
		{5CE1B516-D9CD-4068-A335-9D691DC0B283}.Release|iPhoneSimulator.ActiveCfg = Release|Any CPU
		{5CE1B516-D9CD-4068-A335-9D691DC0B283}.Release|iPhoneSimulator.Build.0 = Release|Any CPU
		{5CE1B516-D9CD-4068-A335-9D691DC0B283}.Release|iPhoneSimulator.Deploy.0 = Release|Any CPU
		{5CE1B516-D9CD-4068-A335-9D691DC0B283}.Release|x64.ActiveCfg = Release|Any CPU
		{5CE1B516-D9CD-4068-A335-9D691DC0B283}.Release|x64.Build.0 = Release|Any CPU
		{5CE1B516-D9CD-4068-A335-9D691DC0B283}.Release|x64.Deploy.0 = Release|Any CPU
		{5CE1B516-D9CD-4068-A335-9D691DC0B283}.Release|x86.ActiveCfg = Release|Any CPU
		{5CE1B516-D9CD-4068-A335-9D691DC0B283}.Release|x86.Build.0 = Release|Any CPU
		{5CE1B516-D9CD-4068-A335-9D691DC0B283}.Release|x86.Deploy.0 = Release|Any CPU
	EndGlobalSection
	GlobalSection(SolutionProperties) = preSolution
		HideSolutionNode = FALSE
	EndGlobalSection
	GlobalSection(ExtensibilityGlobals) = postSolution
		SolutionGuid = {3C2C6A7A-A435-4646-8F1B-546ACBA40583}
	EndGlobalSection
EndGlobal
