
Microsoft Visual Studio Solution File, Format Version 12.00
# Visual Studio Version 16
VisualStudioVersion = 16.0.30907.101
MinimumVisualStudioVersion = 10.0.40219.1
Project("{FAE04EC0-301F-11D3-BF4B-00C04F79EFBC}") = "ChipGroup_GettingStarted.UWP", "ChipGroup_GettingStarted.UWP\ChipGroup_GettingStarted.UWP.csproj", "{96A3DD9C-03EF-4DD4-8227-8B61A794FC6B}"
EndProject
Project("{FAE04EC0-301F-11D3-BF4B-00C04F79EFBC}") = "ChipGroup_GettingStarted.Android", "ChipGroup_GettingStarted.Android\ChipGroup_GettingStarted.Android.csproj", "{DA61D256-BBC8-405D-ADF9-0690020A4BEF}"
EndProject
Project("{FAE04EC0-301F-11D3-BF4B-00C04F79EFBC}") = "ChipGroup_GettingStarted.iOS", "ChipGroup_GettingStarted.iOS\ChipGroup_GettingStarted.iOS.csproj", "{9BD3DEC6-FE9F-4433-BB42-ACBF02F5F58A}"
EndProject
Project("{FAE04EC0-301F-11D3-BF4B-00C04F79EFBC}") = "ChipGroup_GettingStarted", "ChipGroup_GettingStarted\ChipGroup_GettingStarted.csproj", "{3FF33789-65D8-458D-A297-F0B303A169BA}"
EndProject
Global
	GlobalSection(SolutionConfigurationPlatforms) = preSolution
		Debug|Any CPU = Debug|Any CPU
		Debug|ARM = Debug|ARM
		Debug|iPhone = Debug|iPhone
		Debug|iPhoneSimulator = Debug|iPhoneSimulator
		Debug|x64 = Debug|x64
		Debug|x86 = Debug|x86
		Release|Any CPU = Release|Any CPU
		Release|ARM = Release|ARM
		Release|iPhone = Release|iPhone
		Release|iPhoneSimulator = Release|iPhoneSimulator
		Release|x64 = Release|x64
		Release|x86 = Release|x86
	EndGlobalSection
	GlobalSection(ProjectConfigurationPlatforms) = postSolution
		{96A3DD9C-03EF-4DD4-8227-8B61A794FC6B}.Debug|Any CPU.ActiveCfg = Debug|x86
		{96A3DD9C-03EF-4DD4-8227-8B61A794FC6B}.Debug|Any CPU.Build.0 = Debug|x86
		{96A3DD9C-03EF-4DD4-8227-8B61A794FC6B}.Debug|Any CPU.Deploy.0 = Debug|x86
		{96A3DD9C-03EF-4DD4-8227-8B61A794FC6B}.Debug|ARM.ActiveCfg = Debug|ARM
		{96A3DD9C-03EF-4DD4-8227-8B61A794FC6B}.Debug|ARM.Build.0 = Debug|ARM
		{96A3DD9C-03EF-4DD4-8227-8B61A794FC6B}.Debug|ARM.Deploy.0 = Debug|ARM
		{96A3DD9C-03EF-4DD4-8227-8B61A794FC6B}.Debug|iPhone.ActiveCfg = Debug|x86
		{96A3DD9C-03EF-4DD4-8227-8B61A794FC6B}.Debug|iPhone.Build.0 = Debug|x86
		{96A3DD9C-03EF-4DD4-8227-8B61A794FC6B}.Debug|iPhone.Deploy.0 = Debug|x86
		{96A3DD9C-03EF-4DD4-8227-8B61A794FC6B}.Debug|iPhoneSimulator.ActiveCfg = Debug|x86
		{96A3DD9C-03EF-4DD4-8227-8B61A794FC6B}.Debug|iPhoneSimulator.Build.0 = Debug|x86
		{96A3DD9C-03EF-4DD4-8227-8B61A794FC6B}.Debug|iPhoneSimulator.Deploy.0 = Debug|x86
		{96A3DD9C-03EF-4DD4-8227-8B61A794FC6B}.Debug|x64.ActiveCfg = Debug|x64
		{96A3DD9C-03EF-4DD4-8227-8B61A794FC6B}.Debug|x64.Build.0 = Debug|x64
		{96A3DD9C-03EF-4DD4-8227-8B61A794FC6B}.Debug|x64.Deploy.0 = Debug|x64
		{96A3DD9C-03EF-4DD4-8227-8B61A794FC6B}.Debug|x86.ActiveCfg = Debug|x86
		{96A3DD9C-03EF-4DD4-8227-8B61A794FC6B}.Debug|x86.Build.0 = Debug|x86
		{96A3DD9C-03EF-4DD4-8227-8B61A794FC6B}.Debug|x86.Deploy.0 = Debug|x86
		{96A3DD9C-03EF-4DD4-8227-8B61A794FC6B}.Release|Any CPU.ActiveCfg = Release|x86
		{96A3DD9C-03EF-4DD4-8227-8B61A794FC6B}.Release|Any CPU.Build.0 = Release|x86
		{96A3DD9C-03EF-4DD4-8227-8B61A794FC6B}.Release|Any CPU.Deploy.0 = Release|x86
		{96A3DD9C-03EF-4DD4-8227-8B61A794FC6B}.Release|ARM.ActiveCfg = Release|ARM
		{96A3DD9C-03EF-4DD4-8227-8B61A794FC6B}.Release|ARM.Build.0 = Release|ARM
		{96A3DD9C-03EF-4DD4-8227-8B61A794FC6B}.Release|ARM.Deploy.0 = Release|ARM
		{96A3DD9C-03EF-4DD4-8227-8B61A794FC6B}.Release|iPhone.ActiveCfg = Release|x86
		{96A3DD9C-03EF-4DD4-8227-8B61A794FC6B}.Release|iPhone.Build.0 = Release|x86
		{96A3DD9C-03EF-4DD4-8227-8B61A794FC6B}.Release|iPhone.Deploy.0 = Release|x86
		{96A3DD9C-03EF-4DD4-8227-8B61A794FC6B}.Release|iPhoneSimulator.ActiveCfg = Release|x86
		{96A3DD9C-03EF-4DD4-8227-8B61A794FC6B}.Release|iPhoneSimulator.Build.0 = Release|x86
		{96A3DD9C-03EF-4DD4-8227-8B61A794FC6B}.Release|iPhoneSimulator.Deploy.0 = Release|x86
		{96A3DD9C-03EF-4DD4-8227-8B61A794FC6B}.Release|x64.ActiveCfg = Release|x64
		{96A3DD9C-03EF-4DD4-8227-8B61A794FC6B}.Release|x64.Build.0 = Release|x64
		{96A3DD9C-03EF-4DD4-8227-8B61A794FC6B}.Release|x64.Deploy.0 = Release|x64
		{96A3DD9C-03EF-4DD4-8227-8B61A794FC6B}.Release|x86.ActiveCfg = Release|x86
		{96A3DD9C-03EF-4DD4-8227-8B61A794FC6B}.Release|x86.Build.0 = Release|x86
		{96A3DD9C-03EF-4DD4-8227-8B61A794FC6B}.Release|x86.Deploy.0 = Release|x86
		{DA61D256-BBC8-405D-ADF9-0690020A4BEF}.Debug|Any CPU.ActiveCfg = Debug|Any CPU
		{DA61D256-BBC8-405D-ADF9-0690020A4BEF}.Debug|Any CPU.Build.0 = Debug|Any CPU
		{DA61D256-BBC8-405D-ADF9-0690020A4BEF}.Debug|Any CPU.Deploy.0 = Debug|Any CPU
		{DA61D256-BBC8-405D-ADF9-0690020A4BEF}.Debug|ARM.ActiveCfg = Debug|Any CPU
		{DA61D256-BBC8-405D-ADF9-0690020A4BEF}.Debug|ARM.Build.0 = Debug|Any CPU
		{DA61D256-BBC8-405D-ADF9-0690020A4BEF}.Debug|ARM.Deploy.0 = Debug|Any CPU
		{DA61D256-BBC8-405D-ADF9-0690020A4BEF}.Debug|iPhone.ActiveCfg = Debug|Any CPU
		{DA61D256-BBC8-405D-ADF9-0690020A4BEF}.Debug|iPhone.Build.0 = Debug|Any CPU
		{DA61D256-BBC8-405D-ADF9-0690020A4BEF}.Debug|iPhone.Deploy.0 = Debug|Any CPU
		{DA61D256-BBC8-405D-ADF9-0690020A4BEF}.Debug|iPhoneSimulator.ActiveCfg = Debug|Any CPU
		{DA61D256-BBC8-405D-ADF9-0690020A4BEF}.Debug|iPhoneSimulator.Build.0 = Debug|Any CPU
		{DA61D256-BBC8-405D-ADF9-0690020A4BEF}.Debug|iPhoneSimulator.Deploy.0 = Debug|Any CPU
		{DA61D256-BBC8-405D-ADF9-0690020A4BEF}.Debug|x64.ActiveCfg = Debug|Any CPU
		{DA61D256-BBC8-405D-ADF9-0690020A4BEF}.Debug|x64.Build.0 = Debug|Any CPU
		{DA61D256-BBC8-405D-ADF9-0690020A4BEF}.Debug|x64.Deploy.0 = Debug|Any CPU
		{DA61D256-BBC8-405D-ADF9-0690020A4BEF}.Debug|x86.ActiveCfg = Debug|Any CPU
		{DA61D256-BBC8-405D-ADF9-0690020A4BEF}.Debug|x86.Build.0 = Debug|Any CPU
		{DA61D256-BBC8-405D-ADF9-0690020A4BEF}.Debug|x86.Deploy.0 = Debug|Any CPU
		{DA61D256-BBC8-405D-ADF9-0690020A4BEF}.Release|Any CPU.ActiveCfg = Release|Any CPU
		{DA61D256-BBC8-405D-ADF9-0690020A4BEF}.Release|Any CPU.Build.0 = Release|Any CPU
		{DA61D256-BBC8-405D-ADF9-0690020A4BEF}.Release|Any CPU.Deploy.0 = Release|Any CPU
		{DA61D256-BBC8-405D-ADF9-0690020A4BEF}.Release|ARM.ActiveCfg = Release|Any CPU
		{DA61D256-BBC8-405D-ADF9-0690020A4BEF}.Release|ARM.Build.0 = Release|Any CPU
		{DA61D256-BBC8-405D-ADF9-0690020A4BEF}.Release|ARM.Deploy.0 = Release|Any CPU
		{DA61D256-BBC8-405D-ADF9-0690020A4BEF}.Release|iPhone.ActiveCfg = Release|Any CPU
		{DA61D256-BBC8-405D-ADF9-0690020A4BEF}.Release|iPhone.Build.0 = Release|Any CPU
		{DA61D256-BBC8-405D-ADF9-0690020A4BEF}.Release|iPhone.Deploy.0 = Release|Any CPU
		{DA61D256-BBC8-405D-ADF9-0690020A4BEF}.Release|iPhoneSimulator.ActiveCfg = Release|Any CPU
		{DA61D256-BBC8-405D-ADF9-0690020A4BEF}.Release|iPhoneSimulator.Build.0 = Release|Any CPU
		{DA61D256-BBC8-405D-ADF9-0690020A4BEF}.Release|iPhoneSimulator.Deploy.0 = Release|Any CPU
		{DA61D256-BBC8-405D-ADF9-0690020A4BEF}.Release|x64.ActiveCfg = Release|Any CPU
		{DA61D256-BBC8-405D-ADF9-0690020A4BEF}.Release|x64.Build.0 = Release|Any CPU
		{DA61D256-BBC8-405D-ADF9-0690020A4BEF}.Release|x64.Deploy.0 = Release|Any CPU
		{DA61D256-BBC8-405D-ADF9-0690020A4BEF}.Release|x86.ActiveCfg = Release|Any CPU
		{DA61D256-BBC8-405D-ADF9-0690020A4BEF}.Release|x86.Build.0 = Release|Any CPU
		{DA61D256-BBC8-405D-ADF9-0690020A4BEF}.Release|x86.Deploy.0 = Release|Any CPU
		{9BD3DEC6-FE9F-4433-BB42-ACBF02F5F58A}.Debug|Any CPU.ActiveCfg = Debug|iPhoneSimulator
		{9BD3DEC6-FE9F-4433-BB42-ACBF02F5F58A}.Debug|Any CPU.Build.0 = Debug|iPhoneSimulator
		{9BD3DEC6-FE9F-4433-BB42-ACBF02F5F58A}.Debug|Any CPU.Deploy.0 = Debug|iPhoneSimulator
		{9BD3DEC6-FE9F-4433-BB42-ACBF02F5F58A}.Debug|ARM.ActiveCfg = Debug|iPhone
		{9BD3DEC6-FE9F-4433-BB42-ACBF02F5F58A}.Debug|ARM.Build.0 = Debug|iPhone
		{9BD3DEC6-FE9F-4433-BB42-ACBF02F5F58A}.Debug|ARM.Deploy.0 = Debug|iPhone
		{9BD3DEC6-FE9F-4433-BB42-ACBF02F5F58A}.Debug|iPhone.ActiveCfg = Debug|iPhone
		{9BD3DEC6-FE9F-4433-BB42-ACBF02F5F58A}.Debug|iPhone.Build.0 = Debug|iPhone
		{9BD3DEC6-FE9F-4433-BB42-ACBF02F5F58A}.Debug|iPhone.Deploy.0 = Debug|iPhone
		{9BD3DEC6-FE9F-4433-BB42-ACBF02F5F58A}.Debug|iPhoneSimulator.ActiveCfg = Debug|iPhoneSimulator
		{9BD3DEC6-FE9F-4433-BB42-ACBF02F5F58A}.Debug|iPhoneSimulator.Build.0 = Debug|iPhoneSimulator
		{9BD3DEC6-FE9F-4433-BB42-ACBF02F5F58A}.Debug|iPhoneSimulator.Deploy.0 = Debug|iPhoneSimulator
		{9BD3DEC6-FE9F-4433-BB42-ACBF02F5F58A}.Debug|x64.ActiveCfg = Debug|iPhoneSimulator
		{9BD3DEC6-FE9F-4433-BB42-ACBF02F5F58A}.Debug|x64.Build.0 = Debug|iPhoneSimulator
		{9BD3DEC6-FE9F-4433-BB42-ACBF02F5F58A}.Debug|x64.Deploy.0 = Debug|iPhoneSimulator
		{9BD3DEC6-FE9F-4433-BB42-ACBF02F5F58A}.Debug|x86.ActiveCfg = Debug|iPhoneSimulator
		{9BD3DEC6-FE9F-4433-BB42-ACBF02F5F58A}.Debug|x86.Build.0 = Debug|iPhoneSimulator
		{9BD3DEC6-FE9F-4433-BB42-ACBF02F5F58A}.Debug|x86.Deploy.0 = Debug|iPhoneSimulator
		{9BD3DEC6-FE9F-4433-BB42-ACBF02F5F58A}.Release|Any CPU.ActiveCfg = Release|iPhoneSimulator
		{9BD3DEC6-FE9F-4433-BB42-ACBF02F5F58A}.Release|Any CPU.Build.0 = Release|iPhoneSimulator
		{9BD3DEC6-FE9F-4433-BB42-ACBF02F5F58A}.Release|Any CPU.Deploy.0 = Release|iPhoneSimulator
		{9BD3DEC6-FE9F-4433-BB42-ACBF02F5F58A}.Release|ARM.ActiveCfg = Release|iPhoneSimulator
		{9BD3DEC6-FE9F-4433-BB42-ACBF02F5F58A}.Release|ARM.Build.0 = Release|iPhoneSimulator
		{9BD3DEC6-FE9F-4433-BB42-ACBF02F5F58A}.Release|ARM.Deploy.0 = Release|iPhoneSimulator
		{9BD3DEC6-FE9F-4433-BB42-ACBF02F5F58A}.Release|iPhone.ActiveCfg = Release|iPhone
		{9BD3DEC6-FE9F-4433-BB42-ACBF02F5F58A}.Release|iPhone.Build.0 = Release|iPhone
		{9BD3DEC6-FE9F-4433-BB42-ACBF02F5F58A}.Release|iPhone.Deploy.0 = Release|iPhone
		{9BD3DEC6-FE9F-4433-BB42-ACBF02F5F58A}.Release|iPhoneSimulator.ActiveCfg = Release|iPhoneSimulator
		{9BD3DEC6-FE9F-4433-BB42-ACBF02F5F58A}.Release|iPhoneSimulator.Build.0 = Release|iPhoneSimulator
		{9BD3DEC6-FE9F-4433-BB42-ACBF02F5F58A}.Release|iPhoneSimulator.Deploy.0 = Release|iPhoneSimulator
		{9BD3DEC6-FE9F-4433-BB42-ACBF02F5F58A}.Release|x64.ActiveCfg = Release|iPhoneSimulator
		{9BD3DEC6-FE9F-4433-BB42-ACBF02F5F58A}.Release|x64.Build.0 = Release|iPhoneSimulator
		{9BD3DEC6-FE9F-4433-BB42-ACBF02F5F58A}.Release|x64.Deploy.0 = Release|iPhoneSimulator
		{9BD3DEC6-FE9F-4433-BB42-ACBF02F5F58A}.Release|x86.ActiveCfg = Release|iPhoneSimulator
		{9BD3DEC6-FE9F-4433-BB42-ACBF02F5F58A}.Release|x86.Build.0 = Release|iPhoneSimulator
		{9BD3DEC6-FE9F-4433-BB42-ACBF02F5F58A}.Release|x86.Deploy.0 = Release|iPhoneSimulator
		{3FF33789-65D8-458D-A297-F0B303A169BA}.Debug|Any CPU.ActiveCfg = Debug|Any CPU
		{3FF33789-65D8-458D-A297-F0B303A169BA}.Debug|Any CPU.Build.0 = Debug|Any CPU
		{3FF33789-65D8-458D-A297-F0B303A169BA}.Debug|Any CPU.Deploy.0 = Debug|Any CPU
		{3FF33789-65D8-458D-A297-F0B303A169BA}.Debug|ARM.ActiveCfg = Debug|Any CPU
		{3FF33789-65D8-458D-A297-F0B303A169BA}.Debug|ARM.Build.0 = Debug|Any CPU
		{3FF33789-65D8-458D-A297-F0B303A169BA}.Debug|ARM.Deploy.0 = Debug|Any CPU
		{3FF33789-65D8-458D-A297-F0B303A169BA}.Debug|iPhone.ActiveCfg = Debug|Any CPU
		{3FF33789-65D8-458D-A297-F0B303A169BA}.Debug|iPhone.Build.0 = Debug|Any CPU
		{3FF33789-65D8-458D-A297-F0B303A169BA}.Debug|iPhone.Deploy.0 = Debug|Any CPU
		{3FF33789-65D8-458D-A297-F0B303A169BA}.Debug|iPhoneSimulator.ActiveCfg = Debug|Any CPU
		{3FF33789-65D8-458D-A297-F0B303A169BA}.Debug|iPhoneSimulator.Build.0 = Debug|Any CPU
		{3FF33789-65D8-458D-A297-F0B303A169BA}.Debug|iPhoneSimulator.Deploy.0 = Debug|Any CPU
		{3FF33789-65D8-458D-A297-F0B303A169BA}.Debug|x64.ActiveCfg = Debug|Any CPU
		{3FF33789-65D8-458D-A297-F0B303A169BA}.Debug|x64.Build.0 = Debug|Any CPU
		{3FF33789-65D8-458D-A297-F0B303A169BA}.Debug|x64.Deploy.0 = Debug|Any CPU
		{3FF33789-65D8-458D-A297-F0B303A169BA}.Debug|x86.ActiveCfg = Debug|Any CPU
		{3FF33789-65D8-458D-A297-F0B303A169BA}.Debug|x86.Build.0 = Debug|Any CPU
		{3FF33789-65D8-458D-A297-F0B303A169BA}.Debug|x86.Deploy.0 = Debug|Any CPU
		{3FF33789-65D8-458D-A297-F0B303A169BA}.Release|Any CPU.ActiveCfg = Release|Any CPU
		{3FF33789-65D8-458D-A297-F0B303A169BA}.Release|Any CPU.Build.0 = Release|Any CPU
		{3FF33789-65D8-458D-A297-F0B303A169BA}.Release|Any CPU.Deploy.0 = Release|Any CPU
		{3FF33789-65D8-458D-A297-F0B303A169BA}.Release|ARM.ActiveCfg = Release|Any CPU
		{3FF33789-65D8-458D-A297-F0B303A169BA}.Release|ARM.Build.0 = Release|Any CPU
		{3FF33789-65D8-458D-A297-F0B303A169BA}.Release|ARM.Deploy.0 = Release|Any CPU
		{3FF33789-65D8-458D-A297-F0B303A169BA}.Release|iPhone.ActiveCfg = Release|Any CPU
		{3FF33789-65D8-458D-A297-F0B303A169BA}.Release|iPhone.Build.0 = Release|Any CPU
		{3FF33789-65D8-458D-A297-F0B303A169BA}.Release|iPhone.Deploy.0 = Release|Any CPU
		{3FF33789-65D8-458D-A297-F0B303A169BA}.Release|iPhoneSimulator.ActiveCfg = Release|Any CPU
		{3FF33789-65D8-458D-A297-F0B303A169BA}.Release|iPhoneSimulator.Build.0 = Release|Any CPU
		{3FF33789-65D8-458D-A297-F0B303A169BA}.Release|iPhoneSimulator.Deploy.0 = Release|Any CPU
		{3FF33789-65D8-458D-A297-F0B303A169BA}.Release|x64.ActiveCfg = Release|Any CPU
		{3FF33789-65D8-458D-A297-F0B303A169BA}.Release|x64.Build.0 = Release|Any CPU
		{3FF33789-65D8-458D-A297-F0B303A169BA}.Release|x64.Deploy.0 = Release|Any CPU
		{3FF33789-65D8-458D-A297-F0B303A169BA}.Release|x86.ActiveCfg = Release|Any CPU
		{3FF33789-65D8-458D-A297-F0B303A169BA}.Release|x86.Build.0 = Release|Any CPU
		{3FF33789-65D8-458D-A297-F0B303A169BA}.Release|x86.Deploy.0 = Release|Any CPU
	EndGlobalSection
	GlobalSection(SolutionProperties) = preSolution
		HideSolutionNode = FALSE
	EndGlobalSection
	GlobalSection(ExtensibilityGlobals) = postSolution
		SolutionGuid = {9E4DAA26-8B6F-4678-B5C8-410DA418F086}
	EndGlobalSection
EndGlobal
